
Microsoft Visual Studio Solution File, Format Version 12.00
# Visual Studio 15
VisualStudioVersion = 15.0.28307.329
MinimumVisualStudioVersion = 10.0.40219.1
Project("{FAE04EC0-301F-11D3-BF4B-00C04F79EFBC}") = "GettingStarted.Android", "GettingStarted\GettingStarted.Android\GettingStarted.Android.csproj", "{C349A262-E546-4689-A574-C3CEB47159A0}"
EndProject
Project("{FAE04EC0-301F-11D3-BF4B-00C04F79EFBC}") = "GettingStarted.iOS", "GettingStarted\GettingStarted.iOS\GettingStarted.iOS.csproj", "{0B953151-FEA9-4552-AF05-CEA38F92D302}"
EndProject
Project("{FAE04EC0-301F-11D3-BF4B-00C04F79EFBC}") = "GettingStarted.UWP", "GettingStarted\GettingStarted.UWP\GettingStarted.UWP.csproj", "{A1D8F253-BB33-4F6E-B07D-D3CC930A12E7}"
EndProject
Project("{FAE04EC0-301F-11D3-BF4B-00C04F79EFBC}") = "GettingStarted", "GettingStarted\GettingStarted\GettingStarted.csproj", "{3DC420FE-0546-46C2-9BD3-71EE386DC056}"
EndProject
Global
	GlobalSection(SolutionConfigurationPlatforms) = preSolution
		Ad-Hoc|Any CPU = Ad-Hoc|Any CPU
		Ad-Hoc|ARM = Ad-Hoc|ARM
		Ad-Hoc|iPhone = Ad-Hoc|iPhone
		Ad-Hoc|iPhoneSimulator = Ad-Hoc|iPhoneSimulator
		Ad-Hoc|x64 = Ad-Hoc|x64
		Ad-Hoc|x86 = Ad-Hoc|x86
		AppStore|Any CPU = AppStore|Any CPU
		AppStore|ARM = AppStore|ARM
		AppStore|iPhone = AppStore|iPhone
		AppStore|iPhoneSimulator = AppStore|iPhoneSimulator
		AppStore|x64 = AppStore|x64
		AppStore|x86 = AppStore|x86
		Debug|Any CPU = Debug|Any CPU
		Debug|ARM = Debug|ARM
		Debug|iPhone = Debug|iPhone
		Debug|iPhoneSimulator = Debug|iPhoneSimulator
		Debug|x64 = Debug|x64
		Debug|x86 = Debug|x86
		Release|Any CPU = Release|Any CPU
		Release|ARM = Release|ARM
		Release|iPhone = Release|iPhone
		Release|iPhoneSimulator = Release|iPhoneSimulator
		Release|x64 = Release|x64
		Release|x86 = Release|x86
	EndGlobalSection
	GlobalSection(ProjectConfigurationPlatforms) = postSolution
		{C349A262-E546-4689-A574-C3CEB47159A0}.Ad-Hoc|Any CPU.ActiveCfg = Release|Any CPU
		{C349A262-E546-4689-A574-C3CEB47159A0}.Ad-Hoc|Any CPU.Build.0 = Release|Any CPU
		{C349A262-E546-4689-A574-C3CEB47159A0}.Ad-Hoc|Any CPU.Deploy.0 = Release|Any CPU
		{C349A262-E546-4689-A574-C3CEB47159A0}.Ad-Hoc|ARM.ActiveCfg = Release|Any CPU
		{C349A262-E546-4689-A574-C3CEB47159A0}.Ad-Hoc|ARM.Build.0 = Release|Any CPU
		{C349A262-E546-4689-A574-C3CEB47159A0}.Ad-Hoc|ARM.Deploy.0 = Release|Any CPU
		{C349A262-E546-4689-A574-C3CEB47159A0}.Ad-Hoc|iPhone.ActiveCfg = Release|Any CPU
		{C349A262-E546-4689-A574-C3CEB47159A0}.Ad-Hoc|iPhone.Build.0 = Release|Any CPU
		{C349A262-E546-4689-A574-C3CEB47159A0}.Ad-Hoc|iPhone.Deploy.0 = Release|Any CPU
		{C349A262-E546-4689-A574-C3CEB47159A0}.Ad-Hoc|iPhoneSimulator.ActiveCfg = Release|Any CPU
		{C349A262-E546-4689-A574-C3CEB47159A0}.Ad-Hoc|iPhoneSimulator.Build.0 = Release|Any CPU
		{C349A262-E546-4689-A574-C3CEB47159A0}.Ad-Hoc|iPhoneSimulator.Deploy.0 = Release|Any CPU
		{C349A262-E546-4689-A574-C3CEB47159A0}.Ad-Hoc|x64.ActiveCfg = Release|Any CPU
		{C349A262-E546-4689-A574-C3CEB47159A0}.Ad-Hoc|x64.Build.0 = Release|Any CPU
		{C349A262-E546-4689-A574-C3CEB47159A0}.Ad-Hoc|x64.Deploy.0 = Release|Any CPU
		{C349A262-E546-4689-A574-C3CEB47159A0}.Ad-Hoc|x86.ActiveCfg = Release|Any CPU
		{C349A262-E546-4689-A574-C3CEB47159A0}.Ad-Hoc|x86.Build.0 = Release|Any CPU
		{C349A262-E546-4689-A574-C3CEB47159A0}.Ad-Hoc|x86.Deploy.0 = Release|Any CPU
		{C349A262-E546-4689-A574-C3CEB47159A0}.AppStore|Any CPU.ActiveCfg = Release|Any CPU
		{C349A262-E546-4689-A574-C3CEB47159A0}.AppStore|Any CPU.Build.0 = Release|Any CPU
		{C349A262-E546-4689-A574-C3CEB47159A0}.AppStore|Any CPU.Deploy.0 = Release|Any CPU
		{C349A262-E546-4689-A574-C3CEB47159A0}.AppStore|ARM.ActiveCfg = Release|Any CPU
		{C349A262-E546-4689-A574-C3CEB47159A0}.AppStore|ARM.Build.0 = Release|Any CPU
		{C349A262-E546-4689-A574-C3CEB47159A0}.AppStore|ARM.Deploy.0 = Release|Any CPU
		{C349A262-E546-4689-A574-C3CEB47159A0}.AppStore|iPhone.ActiveCfg = Release|Any CPU
		{C349A262-E546-4689-A574-C3CEB47159A0}.AppStore|iPhone.Build.0 = Release|Any CPU
		{C349A262-E546-4689-A574-C3CEB47159A0}.AppStore|iPhone.Deploy.0 = Release|Any CPU
		{C349A262-E546-4689-A574-C3CEB47159A0}.AppStore|iPhoneSimulator.ActiveCfg = Release|Any CPU
		{C349A262-E546-4689-A574-C3CEB47159A0}.AppStore|iPhoneSimulator.Build.0 = Release|Any CPU
		{C349A262-E546-4689-A574-C3CEB47159A0}.AppStore|iPhoneSimulator.Deploy.0 = Release|Any CPU
		{C349A262-E546-4689-A574-C3CEB47159A0}.AppStore|x64.ActiveCfg = Release|Any CPU
		{C349A262-E546-4689-A574-C3CEB47159A0}.AppStore|x64.Build.0 = Release|Any CPU
		{C349A262-E546-4689-A574-C3CEB47159A0}.AppStore|x64.Deploy.0 = Release|Any CPU
		{C349A262-E546-4689-A574-C3CEB47159A0}.AppStore|x86.ActiveCfg = Release|Any CPU
		{C349A262-E546-4689-A574-C3CEB47159A0}.AppStore|x86.Build.0 = Release|Any CPU
		{C349A262-E546-4689-A574-C3CEB47159A0}.AppStore|x86.Deploy.0 = Release|Any CPU
		{C349A262-E546-4689-A574-C3CEB47159A0}.Debug|Any CPU.ActiveCfg = Debug|Any CPU
		{C349A262-E546-4689-A574-C3CEB47159A0}.Debug|Any CPU.Build.0 = Debug|Any CPU
		{C349A262-E546-4689-A574-C3CEB47159A0}.Debug|Any CPU.Deploy.0 = Debug|Any CPU
		{C349A262-E546-4689-A574-C3CEB47159A0}.Debug|ARM.ActiveCfg = Debug|Any CPU
		{C349A262-E546-4689-A574-C3CEB47159A0}.Debug|ARM.Build.0 = Debug|Any CPU
		{C349A262-E546-4689-A574-C3CEB47159A0}.Debug|ARM.Deploy.0 = Debug|Any CPU
		{C349A262-E546-4689-A574-C3CEB47159A0}.Debug|iPhone.ActiveCfg = Debug|Any CPU
		{C349A262-E546-4689-A574-C3CEB47159A0}.Debug|iPhone.Build.0 = Debug|Any CPU
		{C349A262-E546-4689-A574-C3CEB47159A0}.Debug|iPhone.Deploy.0 = Debug|Any CPU
		{C349A262-E546-4689-A574-C3CEB47159A0}.Debug|iPhoneSimulator.ActiveCfg = Debug|Any CPU
		{C349A262-E546-4689-A574-C3CEB47159A0}.Debug|iPhoneSimulator.Build.0 = Debug|Any CPU
		{C349A262-E546-4689-A574-C3CEB47159A0}.Debug|iPhoneSimulator.Deploy.0 = Debug|Any CPU
		{C349A262-E546-4689-A574-C3CEB47159A0}.Debug|x64.ActiveCfg = Debug|Any CPU
		{C349A262-E546-4689-A574-C3CEB47159A0}.Debug|x64.Build.0 = Debug|Any CPU
		{C349A262-E546-4689-A574-C3CEB47159A0}.Debug|x64.Deploy.0 = Debug|Any CPU
		{C349A262-E546-4689-A574-C3CEB47159A0}.Debug|x86.ActiveCfg = Debug|Any CPU
		{C349A262-E546-4689-A574-C3CEB47159A0}.Debug|x86.Build.0 = Debug|Any CPU
		{C349A262-E546-4689-A574-C3CEB47159A0}.Debug|x86.Deploy.0 = Debug|Any CPU
		{C349A262-E546-4689-A574-C3CEB47159A0}.Release|Any CPU.ActiveCfg = Release|Any CPU
		{C349A262-E546-4689-A574-C3CEB47159A0}.Release|Any CPU.Build.0 = Release|Any CPU
		{C349A262-E546-4689-A574-C3CEB47159A0}.Release|Any CPU.Deploy.0 = Release|Any CPU
		{C349A262-E546-4689-A574-C3CEB47159A0}.Release|ARM.ActiveCfg = Release|Any CPU
		{C349A262-E546-4689-A574-C3CEB47159A0}.Release|ARM.Build.0 = Release|Any CPU
		{C349A262-E546-4689-A574-C3CEB47159A0}.Release|ARM.Deploy.0 = Release|Any CPU
		{C349A262-E546-4689-A574-C3CEB47159A0}.Release|iPhone.ActiveCfg = Release|Any CPU
		{C349A262-E546-4689-A574-C3CEB47159A0}.Release|iPhone.Build.0 = Release|Any CPU
		{C349A262-E546-4689-A574-C3CEB47159A0}.Release|iPhone.Deploy.0 = Release|Any CPU
		{C349A262-E546-4689-A574-C3CEB47159A0}.Release|iPhoneSimulator.ActiveCfg = Release|Any CPU
		{C349A262-E546-4689-A574-C3CEB47159A0}.Release|iPhoneSimulator.Build.0 = Release|Any CPU
		{C349A262-E546-4689-A574-C3CEB47159A0}.Release|iPhoneSimulator.Deploy.0 = Release|Any CPU
		{C349A262-E546-4689-A574-C3CEB47159A0}.Release|x64.ActiveCfg = Release|Any CPU
		{C349A262-E546-4689-A574-C3CEB47159A0}.Release|x64.Build.0 = Release|Any CPU
		{C349A262-E546-4689-A574-C3CEB47159A0}.Release|x64.Deploy.0 = Release|Any CPU
		{C349A262-E546-4689-A574-C3CEB47159A0}.Release|x86.ActiveCfg = Release|Any CPU
		{C349A262-E546-4689-A574-C3CEB47159A0}.Release|x86.Build.0 = Release|Any CPU
		{C349A262-E546-4689-A574-C3CEB47159A0}.Release|x86.Deploy.0 = Release|Any CPU
		{0B953151-FEA9-4552-AF05-CEA38F92D302}.Ad-Hoc|Any CPU.ActiveCfg = Ad-Hoc|iPhone
		{0B953151-FEA9-4552-AF05-CEA38F92D302}.Ad-Hoc|Any CPU.Build.0 = Ad-Hoc|iPhone
		{0B953151-FEA9-4552-AF05-CEA38F92D302}.Ad-Hoc|Any CPU.Deploy.0 = Ad-Hoc|iPhone
		{0B953151-FEA9-4552-AF05-CEA38F92D302}.Ad-Hoc|ARM.ActiveCfg = Ad-Hoc|iPhone
		{0B953151-FEA9-4552-AF05-CEA38F92D302}.Ad-Hoc|ARM.Build.0 = Ad-Hoc|iPhone
		{0B953151-FEA9-4552-AF05-CEA38F92D302}.Ad-Hoc|ARM.Deploy.0 = Ad-Hoc|iPhone
		{0B953151-FEA9-4552-AF05-CEA38F92D302}.Ad-Hoc|iPhone.ActiveCfg = Ad-Hoc|iPhone
		{0B953151-FEA9-4552-AF05-CEA38F92D302}.Ad-Hoc|iPhone.Build.0 = Ad-Hoc|iPhone
		{0B953151-FEA9-4552-AF05-CEA38F92D302}.Ad-Hoc|iPhone.Deploy.0 = Ad-Hoc|iPhone
		{0B953151-FEA9-4552-AF05-CEA38F92D302}.Ad-Hoc|iPhoneSimulator.ActiveCfg = Ad-Hoc|iPhoneSimulator
		{0B953151-FEA9-4552-AF05-CEA38F92D302}.Ad-Hoc|iPhoneSimulator.Build.0 = Ad-Hoc|iPhoneSimulator
		{0B953151-FEA9-4552-AF05-CEA38F92D302}.Ad-Hoc|iPhoneSimulator.Deploy.0 = Ad-Hoc|iPhoneSimulator
		{0B953151-FEA9-4552-AF05-CEA38F92D302}.Ad-Hoc|x64.ActiveCfg = Ad-Hoc|iPhone
		{0B953151-FEA9-4552-AF05-CEA38F92D302}.Ad-Hoc|x64.Build.0 = Ad-Hoc|iPhone
		{0B953151-FEA9-4552-AF05-CEA38F92D302}.Ad-Hoc|x64.Deploy.0 = Ad-Hoc|iPhone
		{0B953151-FEA9-4552-AF05-CEA38F92D302}.Ad-Hoc|x86.ActiveCfg = Ad-Hoc|iPhone
		{0B953151-FEA9-4552-AF05-CEA38F92D302}.Ad-Hoc|x86.Build.0 = Ad-Hoc|iPhone
		{0B953151-FEA9-4552-AF05-CEA38F92D302}.Ad-Hoc|x86.Deploy.0 = Ad-Hoc|iPhone
		{0B953151-FEA9-4552-AF05-CEA38F92D302}.AppStore|Any CPU.ActiveCfg = AppStore|iPhone
		{0B953151-FEA9-4552-AF05-CEA38F92D302}.AppStore|Any CPU.Build.0 = AppStore|iPhone
		{0B953151-FEA9-4552-AF05-CEA38F92D302}.AppStore|Any CPU.Deploy.0 = AppStore|iPhone
		{0B953151-FEA9-4552-AF05-CEA38F92D302}.AppStore|ARM.ActiveCfg = AppStore|iPhone
		{0B953151-FEA9-4552-AF05-CEA38F92D302}.AppStore|ARM.Build.0 = AppStore|iPhone
		{0B953151-FEA9-4552-AF05-CEA38F92D302}.AppStore|ARM.Deploy.0 = AppStore|iPhone
		{0B953151-FEA9-4552-AF05-CEA38F92D302}.AppStore|iPhone.ActiveCfg = AppStore|iPhone
		{0B953151-FEA9-4552-AF05-CEA38F92D302}.AppStore|iPhone.Build.0 = AppStore|iPhone
		{0B953151-FEA9-4552-AF05-CEA38F92D302}.AppStore|iPhone.Deploy.0 = AppStore|iPhone
		{0B953151-FEA9-4552-AF05-CEA38F92D302}.AppStore|iPhoneSimulator.ActiveCfg = AppStore|iPhoneSimulator
		{0B953151-FEA9-4552-AF05-CEA38F92D302}.AppStore|iPhoneSimulator.Build.0 = AppStore|iPhoneSimulator
		{0B953151-FEA9-4552-AF05-CEA38F92D302}.AppStore|iPhoneSimulator.Deploy.0 = AppStore|iPhoneSimulator
		{0B953151-FEA9-4552-AF05-CEA38F92D302}.AppStore|x64.ActiveCfg = AppStore|iPhone
		{0B953151-FEA9-4552-AF05-CEA38F92D302}.AppStore|x64.Build.0 = AppStore|iPhone
		{0B953151-FEA9-4552-AF05-CEA38F92D302}.AppStore|x64.Deploy.0 = AppStore|iPhone
		{0B953151-FEA9-4552-AF05-CEA38F92D302}.AppStore|x86.ActiveCfg = AppStore|iPhone
		{0B953151-FEA9-4552-AF05-CEA38F92D302}.AppStore|x86.Build.0 = AppStore|iPhone
		{0B953151-FEA9-4552-AF05-CEA38F92D302}.AppStore|x86.Deploy.0 = AppStore|iPhone
		{0B953151-FEA9-4552-AF05-CEA38F92D302}.Debug|Any CPU.ActiveCfg = Debug|iPhoneSimulator
		{0B953151-FEA9-4552-AF05-CEA38F92D302}.Debug|Any CPU.Build.0 = Debug|iPhoneSimulator
		{0B953151-FEA9-4552-AF05-CEA38F92D302}.Debug|Any CPU.Deploy.0 = Debug|iPhoneSimulator
		{0B953151-FEA9-4552-AF05-CEA38F92D302}.Debug|ARM.ActiveCfg = Debug|iPhone
		{0B953151-FEA9-4552-AF05-CEA38F92D302}.Debug|ARM.Build.0 = Debug|iPhone
		{0B953151-FEA9-4552-AF05-CEA38F92D302}.Debug|ARM.Deploy.0 = Debug|iPhone
		{0B953151-FEA9-4552-AF05-CEA38F92D302}.Debug|iPhone.ActiveCfg = Debug|iPhone
		{0B953151-FEA9-4552-AF05-CEA38F92D302}.Debug|iPhone.Build.0 = Debug|iPhone
		{0B953151-FEA9-4552-AF05-CEA38F92D302}.Debug|iPhone.Deploy.0 = Debug|iPhone
		{0B953151-FEA9-4552-AF05-CEA38F92D302}.Debug|iPhoneSimulator.ActiveCfg = Debug|iPhoneSimulator
		{0B953151-FEA9-4552-AF05-CEA38F92D302}.Debug|iPhoneSimulator.Build.0 = Debug|iPhoneSimulator
		{0B953151-FEA9-4552-AF05-CEA38F92D302}.Debug|iPhoneSimulator.Deploy.0 = Debug|iPhoneSimulator
		{0B953151-FEA9-4552-AF05-CEA38F92D302}.Debug|x64.ActiveCfg = Debug|iPhone
		{0B953151-FEA9-4552-AF05-CEA38F92D302}.Debug|x64.Build.0 = Debug|iPhone
		{0B953151-FEA9-4552-AF05-CEA38F92D302}.Debug|x64.Deploy.0 = Debug|iPhone
		{0B953151-FEA9-4552-AF05-CEA38F92D302}.Debug|x86.ActiveCfg = Debug|iPhone
		{0B953151-FEA9-4552-AF05-CEA38F92D302}.Debug|x86.Build.0 = Debug|iPhone
		{0B953151-FEA9-4552-AF05-CEA38F92D302}.Debug|x86.Deploy.0 = Debug|iPhone
		{0B953151-FEA9-4552-AF05-CEA38F92D302}.Release|Any CPU.ActiveCfg = Release|iPhone
		{0B953151-FEA9-4552-AF05-CEA38F92D302}.Release|Any CPU.Build.0 = Release|iPhone
		{0B953151-FEA9-4552-AF05-CEA38F92D302}.Release|Any CPU.Deploy.0 = Release|iPhone
		{0B953151-FEA9-4552-AF05-CEA38F92D302}.Release|ARM.ActiveCfg = Release|iPhone
		{0B953151-FEA9-4552-AF05-CEA38F92D302}.Release|ARM.Build.0 = Release|iPhone
		{0B953151-FEA9-4552-AF05-CEA38F92D302}.Release|ARM.Deploy.0 = Release|iPhone
		{0B953151-FEA9-4552-AF05-CEA38F92D302}.Release|iPhone.ActiveCfg = Release|iPhone
		{0B953151-FEA9-4552-AF05-CEA38F92D302}.Release|iPhone.Build.0 = Release|iPhone
		{0B953151-FEA9-4552-AF05-CEA38F92D302}.Release|iPhone.Deploy.0 = Release|iPhone
		{0B953151-FEA9-4552-AF05-CEA38F92D302}.Release|iPhoneSimulator.ActiveCfg = Release|iPhoneSimulator
		{0B953151-FEA9-4552-AF05-CEA38F92D302}.Release|iPhoneSimulator.Build.0 = Release|iPhoneSimulator
		{0B953151-FEA9-4552-AF05-CEA38F92D302}.Release|iPhoneSimulator.Deploy.0 = Release|iPhoneSimulator
		{0B953151-FEA9-4552-AF05-CEA38F92D302}.Release|x64.ActiveCfg = Release|iPhone
		{0B953151-FEA9-4552-AF05-CEA38F92D302}.Release|x64.Build.0 = Release|iPhone
		{0B953151-FEA9-4552-AF05-CEA38F92D302}.Release|x64.Deploy.0 = Release|iPhone
		{0B953151-FEA9-4552-AF05-CEA38F92D302}.Release|x86.ActiveCfg = Release|iPhone
		{0B953151-FEA9-4552-AF05-CEA38F92D302}.Release|x86.Build.0 = Release|iPhone
		{0B953151-FEA9-4552-AF05-CEA38F92D302}.Release|x86.Deploy.0 = Release|iPhone
		{A1D8F253-BB33-4F6E-B07D-D3CC930A12E7}.Ad-Hoc|Any CPU.ActiveCfg = Release|x86
		{A1D8F253-BB33-4F6E-B07D-D3CC930A12E7}.Ad-Hoc|Any CPU.Build.0 = Release|x86
		{A1D8F253-BB33-4F6E-B07D-D3CC930A12E7}.Ad-Hoc|Any CPU.Deploy.0 = Release|x86
		{A1D8F253-BB33-4F6E-B07D-D3CC930A12E7}.Ad-Hoc|ARM.ActiveCfg = Release|ARM
		{A1D8F253-BB33-4F6E-B07D-D3CC930A12E7}.Ad-Hoc|ARM.Build.0 = Release|ARM
		{A1D8F253-BB33-4F6E-B07D-D3CC930A12E7}.Ad-Hoc|ARM.Deploy.0 = Release|ARM
		{A1D8F253-BB33-4F6E-B07D-D3CC930A12E7}.Ad-Hoc|iPhone.ActiveCfg = Release|x86
		{A1D8F253-BB33-4F6E-B07D-D3CC930A12E7}.Ad-Hoc|iPhone.Build.0 = Release|x86
		{A1D8F253-BB33-4F6E-B07D-D3CC930A12E7}.Ad-Hoc|iPhone.Deploy.0 = Release|x86
		{A1D8F253-BB33-4F6E-B07D-D3CC930A12E7}.Ad-Hoc|iPhoneSimulator.ActiveCfg = Release|x86
		{A1D8F253-BB33-4F6E-B07D-D3CC930A12E7}.Ad-Hoc|iPhoneSimulator.Build.0 = Release|x86
		{A1D8F253-BB33-4F6E-B07D-D3CC930A12E7}.Ad-Hoc|iPhoneSimulator.Deploy.0 = Release|x86
		{A1D8F253-BB33-4F6E-B07D-D3CC930A12E7}.Ad-Hoc|x64.ActiveCfg = Release|x64
		{A1D8F253-BB33-4F6E-B07D-D3CC930A12E7}.Ad-Hoc|x64.Build.0 = Release|x64
		{A1D8F253-BB33-4F6E-B07D-D3CC930A12E7}.Ad-Hoc|x64.Deploy.0 = Release|x64
		{A1D8F253-BB33-4F6E-B07D-D3CC930A12E7}.Ad-Hoc|x86.ActiveCfg = Release|x86
		{A1D8F253-BB33-4F6E-B07D-D3CC930A12E7}.Ad-Hoc|x86.Build.0 = Release|x86
		{A1D8F253-BB33-4F6E-B07D-D3CC930A12E7}.Ad-Hoc|x86.Deploy.0 = Release|x86
		{A1D8F253-BB33-4F6E-B07D-D3CC930A12E7}.AppStore|Any CPU.ActiveCfg = Release|x86
		{A1D8F253-BB33-4F6E-B07D-D3CC930A12E7}.AppStore|Any CPU.Build.0 = Release|x86
		{A1D8F253-BB33-4F6E-B07D-D3CC930A12E7}.AppStore|Any CPU.Deploy.0 = Release|x86
		{A1D8F253-BB33-4F6E-B07D-D3CC930A12E7}.AppStore|ARM.ActiveCfg = Release|ARM
		{A1D8F253-BB33-4F6E-B07D-D3CC930A12E7}.AppStore|ARM.Build.0 = Release|ARM
		{A1D8F253-BB33-4F6E-B07D-D3CC930A12E7}.AppStore|ARM.Deploy.0 = Release|ARM
		{A1D8F253-BB33-4F6E-B07D-D3CC930A12E7}.AppStore|iPhone.ActiveCfg = Release|x86
		{A1D8F253-BB33-4F6E-B07D-D3CC930A12E7}.AppStore|iPhone.Build.0 = Release|x86
		{A1D8F253-BB33-4F6E-B07D-D3CC930A12E7}.AppStore|iPhone.Deploy.0 = Release|x86
		{A1D8F253-BB33-4F6E-B07D-D3CC930A12E7}.AppStore|iPhoneSimulator.ActiveCfg = Release|x86
		{A1D8F253-BB33-4F6E-B07D-D3CC930A12E7}.AppStore|iPhoneSimulator.Build.0 = Release|x86
		{A1D8F253-BB33-4F6E-B07D-D3CC930A12E7}.AppStore|iPhoneSimulator.Deploy.0 = Release|x86
		{A1D8F253-BB33-4F6E-B07D-D3CC930A12E7}.AppStore|x64.ActiveCfg = Release|x64
		{A1D8F253-BB33-4F6E-B07D-D3CC930A12E7}.AppStore|x64.Build.0 = Release|x64
		{A1D8F253-BB33-4F6E-B07D-D3CC930A12E7}.AppStore|x64.Deploy.0 = Release|x64
		{A1D8F253-BB33-4F6E-B07D-D3CC930A12E7}.AppStore|x86.ActiveCfg = Release|x86
		{A1D8F253-BB33-4F6E-B07D-D3CC930A12E7}.AppStore|x86.Build.0 = Release|x86
		{A1D8F253-BB33-4F6E-B07D-D3CC930A12E7}.AppStore|x86.Deploy.0 = Release|x86
		{A1D8F253-BB33-4F6E-B07D-D3CC930A12E7}.Debug|Any CPU.ActiveCfg = Debug|x86
		{A1D8F253-BB33-4F6E-B07D-D3CC930A12E7}.Debug|Any CPU.Build.0 = Debug|x86
		{A1D8F253-BB33-4F6E-B07D-D3CC930A12E7}.Debug|Any CPU.Deploy.0 = Debug|x86
		{A1D8F253-BB33-4F6E-B07D-D3CC930A12E7}.Debug|ARM.ActiveCfg = Debug|ARM
		{A1D8F253-BB33-4F6E-B07D-D3CC930A12E7}.Debug|ARM.Build.0 = Debug|ARM
		{A1D8F253-BB33-4F6E-B07D-D3CC930A12E7}.Debug|ARM.Deploy.0 = Debug|ARM
		{A1D8F253-BB33-4F6E-B07D-D3CC930A12E7}.Debug|iPhone.ActiveCfg = Debug|x86
		{A1D8F253-BB33-4F6E-B07D-D3CC930A12E7}.Debug|iPhone.Build.0 = Debug|x86
		{A1D8F253-BB33-4F6E-B07D-D3CC930A12E7}.Debug|iPhone.Deploy.0 = Debug|x86
		{A1D8F253-BB33-4F6E-B07D-D3CC930A12E7}.Debug|iPhoneSimulator.ActiveCfg = Debug|x86
		{A1D8F253-BB33-4F6E-B07D-D3CC930A12E7}.Debug|iPhoneSimulator.Build.0 = Debug|x86
		{A1D8F253-BB33-4F6E-B07D-D3CC930A12E7}.Debug|iPhoneSimulator.Deploy.0 = Debug|x86
		{A1D8F253-BB33-4F6E-B07D-D3CC930A12E7}.Debug|x64.ActiveCfg = Debug|x64
		{A1D8F253-BB33-4F6E-B07D-D3CC930A12E7}.Debug|x64.Build.0 = Debug|x64
		{A1D8F253-BB33-4F6E-B07D-D3CC930A12E7}.Debug|x64.Deploy.0 = Debug|x64
		{A1D8F253-BB33-4F6E-B07D-D3CC930A12E7}.Debug|x86.ActiveCfg = Debug|x86
		{A1D8F253-BB33-4F6E-B07D-D3CC930A12E7}.Debug|x86.Build.0 = Debug|x86
		{A1D8F253-BB33-4F6E-B07D-D3CC930A12E7}.Debug|x86.Deploy.0 = Debug|x86
		{A1D8F253-BB33-4F6E-B07D-D3CC930A12E7}.Release|Any CPU.ActiveCfg = Release|x86
		{A1D8F253-BB33-4F6E-B07D-D3CC930A12E7}.Release|Any CPU.Build.0 = Release|x86
		{A1D8F253-BB33-4F6E-B07D-D3CC930A12E7}.Release|Any CPU.Deploy.0 = Release|x86
		{A1D8F253-BB33-4F6E-B07D-D3CC930A12E7}.Release|ARM.ActiveCfg = Release|ARM
		{A1D8F253-BB33-4F6E-B07D-D3CC930A12E7}.Release|ARM.Build.0 = Release|ARM
		{A1D8F253-BB33-4F6E-B07D-D3CC930A12E7}.Release|ARM.Deploy.0 = Release|ARM
		{A1D8F253-BB33-4F6E-B07D-D3CC930A12E7}.Release|iPhone.ActiveCfg = Release|x86
		{A1D8F253-BB33-4F6E-B07D-D3CC930A12E7}.Release|iPhone.Build.0 = Release|x86
		{A1D8F253-BB33-4F6E-B07D-D3CC930A12E7}.Release|iPhone.Deploy.0 = Release|x86
		{A1D8F253-BB33-4F6E-B07D-D3CC930A12E7}.Release|iPhoneSimulator.ActiveCfg = Release|x86
		{A1D8F253-BB33-4F6E-B07D-D3CC930A12E7}.Release|iPhoneSimulator.Build.0 = Release|x86
		{A1D8F253-BB33-4F6E-B07D-D3CC930A12E7}.Release|iPhoneSimulator.Deploy.0 = Release|x86
		{A1D8F253-BB33-4F6E-B07D-D3CC930A12E7}.Release|x64.ActiveCfg = Release|x64
		{A1D8F253-BB33-4F6E-B07D-D3CC930A12E7}.Release|x64.Build.0 = Release|x64
		{A1D8F253-BB33-4F6E-B07D-D3CC930A12E7}.Release|x64.Deploy.0 = Release|x64
		{A1D8F253-BB33-4F6E-B07D-D3CC930A12E7}.Release|x86.ActiveCfg = Release|x86
		{A1D8F253-BB33-4F6E-B07D-D3CC930A12E7}.Release|x86.Build.0 = Release|x86
		{A1D8F253-BB33-4F6E-B07D-D3CC930A12E7}.Release|x86.Deploy.0 = Release|x86
		{3DC420FE-0546-46C2-9BD3-71EE386DC056}.Ad-Hoc|Any CPU.ActiveCfg = Debug|Any CPU
		{3DC420FE-0546-46C2-9BD3-71EE386DC056}.Ad-Hoc|Any CPU.Build.0 = Debug|Any CPU
		{3DC420FE-0546-46C2-9BD3-71EE386DC056}.Ad-Hoc|Any CPU.Deploy.0 = Debug|Any CPU
		{3DC420FE-0546-46C2-9BD3-71EE386DC056}.Ad-Hoc|ARM.ActiveCfg = Debug|Any CPU
		{3DC420FE-0546-46C2-9BD3-71EE386DC056}.Ad-Hoc|ARM.Build.0 = Debug|Any CPU
		{3DC420FE-0546-46C2-9BD3-71EE386DC056}.Ad-Hoc|ARM.Deploy.0 = Debug|Any CPU
		{3DC420FE-0546-46C2-9BD3-71EE386DC056}.Ad-Hoc|iPhone.ActiveCfg = Debug|Any CPU
		{3DC420FE-0546-46C2-9BD3-71EE386DC056}.Ad-Hoc|iPhone.Build.0 = Debug|Any CPU
		{3DC420FE-0546-46C2-9BD3-71EE386DC056}.Ad-Hoc|iPhone.Deploy.0 = Debug|Any CPU
		{3DC420FE-0546-46C2-9BD3-71EE386DC056}.Ad-Hoc|iPhoneSimulator.ActiveCfg = Debug|Any CPU
		{3DC420FE-0546-46C2-9BD3-71EE386DC056}.Ad-Hoc|iPhoneSimulator.Build.0 = Debug|Any CPU
		{3DC420FE-0546-46C2-9BD3-71EE386DC056}.Ad-Hoc|iPhoneSimulator.Deploy.0 = Debug|Any CPU
		{3DC420FE-0546-46C2-9BD3-71EE386DC056}.Ad-Hoc|x64.ActiveCfg = Debug|Any CPU
		{3DC420FE-0546-46C2-9BD3-71EE386DC056}.Ad-Hoc|x64.Build.0 = Debug|Any CPU
		{3DC420FE-0546-46C2-9BD3-71EE386DC056}.Ad-Hoc|x64.Deploy.0 = Debug|Any CPU
		{3DC420FE-0546-46C2-9BD3-71EE386DC056}.Ad-Hoc|x86.ActiveCfg = Debug|Any CPU
		{3DC420FE-0546-46C2-9BD3-71EE386DC056}.Ad-Hoc|x86.Build.0 = Debug|Any CPU
		{3DC420FE-0546-46C2-9BD3-71EE386DC056}.Ad-Hoc|x86.Deploy.0 = Debug|Any CPU
		{3DC420FE-0546-46C2-9BD3-71EE386DC056}.AppStore|Any CPU.ActiveCfg = Debug|Any CPU
		{3DC420FE-0546-46C2-9BD3-71EE386DC056}.AppStore|Any CPU.Build.0 = Debug|Any CPU
		{3DC420FE-0546-46C2-9BD3-71EE386DC056}.AppStore|Any CPU.Deploy.0 = Debug|Any CPU
		{3DC420FE-0546-46C2-9BD3-71EE386DC056}.AppStore|ARM.ActiveCfg = Debug|Any CPU
		{3DC420FE-0546-46C2-9BD3-71EE386DC056}.AppStore|ARM.Build.0 = Debug|Any CPU
		{3DC420FE-0546-46C2-9BD3-71EE386DC056}.AppStore|ARM.Deploy.0 = Debug|Any CPU
		{3DC420FE-0546-46C2-9BD3-71EE386DC056}.AppStore|iPhone.ActiveCfg = Debug|Any CPU
		{3DC420FE-0546-46C2-9BD3-71EE386DC056}.AppStore|iPhone.Build.0 = Debug|Any CPU
		{3DC420FE-0546-46C2-9BD3-71EE386DC056}.AppStore|iPhone.Deploy.0 = Debug|Any CPU
		{3DC420FE-0546-46C2-9BD3-71EE386DC056}.AppStore|iPhoneSimulator.ActiveCfg = Debug|Any CPU
		{3DC420FE-0546-46C2-9BD3-71EE386DC056}.AppStore|iPhoneSimulator.Build.0 = Debug|Any CPU
		{3DC420FE-0546-46C2-9BD3-71EE386DC056}.AppStore|iPhoneSimulator.Deploy.0 = Debug|Any CPU
		{3DC420FE-0546-46C2-9BD3-71EE386DC056}.AppStore|x64.ActiveCfg = Debug|Any CPU
		{3DC420FE-0546-46C2-9BD3-71EE386DC056}.AppStore|x64.Build.0 = Debug|Any CPU
		{3DC420FE-0546-46C2-9BD3-71EE386DC056}.AppStore|x64.Deploy.0 = Debug|Any CPU
		{3DC420FE-0546-46C2-9BD3-71EE386DC056}.AppStore|x86.ActiveCfg = Debug|Any CPU
		{3DC420FE-0546-46C2-9BD3-71EE386DC056}.AppStore|x86.Build.0 = Debug|Any CPU
		{3DC420FE-0546-46C2-9BD3-71EE386DC056}.AppStore|x86.Deploy.0 = Debug|Any CPU
		{3DC420FE-0546-46C2-9BD3-71EE386DC056}.Debug|Any CPU.ActiveCfg = Debug|Any CPU
		{3DC420FE-0546-46C2-9BD3-71EE386DC056}.Debug|Any CPU.Build.0 = Debug|Any CPU
		{3DC420FE-0546-46C2-9BD3-71EE386DC056}.Debug|Any CPU.Deploy.0 = Debug|Any CPU
		{3DC420FE-0546-46C2-9BD3-71EE386DC056}.Debug|ARM.ActiveCfg = Debug|Any CPU
		{3DC420FE-0546-46C2-9BD3-71EE386DC056}.Debug|ARM.Build.0 = Debug|Any CPU
		{3DC420FE-0546-46C2-9BD3-71EE386DC056}.Debug|ARM.Deploy.0 = Debug|Any CPU
		{3DC420FE-0546-46C2-9BD3-71EE386DC056}.Debug|iPhone.ActiveCfg = Debug|Any CPU
		{3DC420FE-0546-46C2-9BD3-71EE386DC056}.Debug|iPhone.Build.0 = Debug|Any CPU
		{3DC420FE-0546-46C2-9BD3-71EE386DC056}.Debug|iPhone.Deploy.0 = Debug|Any CPU
		{3DC420FE-0546-46C2-9BD3-71EE386DC056}.Debug|iPhoneSimulator.ActiveCfg = Debug|Any CPU
		{3DC420FE-0546-46C2-9BD3-71EE386DC056}.Debug|iPhoneSimulator.Build.0 = Debug|Any CPU
		{3DC420FE-0546-46C2-9BD3-71EE386DC056}.Debug|iPhoneSimulator.Deploy.0 = Debug|Any CPU
		{3DC420FE-0546-46C2-9BD3-71EE386DC056}.Debug|x64.ActiveCfg = Debug|Any CPU
		{3DC420FE-0546-46C2-9BD3-71EE386DC056}.Debug|x64.Build.0 = Debug|Any CPU
		{3DC420FE-0546-46C2-9BD3-71EE386DC056}.Debug|x64.Deploy.0 = Debug|Any CPU
		{3DC420FE-0546-46C2-9BD3-71EE386DC056}.Debug|x86.ActiveCfg = Debug|Any CPU
		{3DC420FE-0546-46C2-9BD3-71EE386DC056}.Debug|x86.Build.0 = Debug|Any CPU
		{3DC420FE-0546-46C2-9BD3-71EE386DC056}.Debug|x86.Deploy.0 = Debug|Any CPU
		{3DC420FE-0546-46C2-9BD3-71EE386DC056}.Release|Any CPU.ActiveCfg = Release|Any CPU
		{3DC420FE-0546-46C2-9BD3-71EE386DC056}.Release|Any CPU.Build.0 = Release|Any CPU
		{3DC420FE-0546-46C2-9BD3-71EE386DC056}.Release|Any CPU.Deploy.0 = Release|Any CPU
		{3DC420FE-0546-46C2-9BD3-71EE386DC056}.Release|ARM.ActiveCfg = Release|Any CPU
		{3DC420FE-0546-46C2-9BD3-71EE386DC056}.Release|ARM.Build.0 = Release|Any CPU
		{3DC420FE-0546-46C2-9BD3-71EE386DC056}.Release|ARM.Deploy.0 = Release|Any CPU
		{3DC420FE-0546-46C2-9BD3-71EE386DC056}.Release|iPhone.ActiveCfg = Release|Any CPU
		{3DC420FE-0546-46C2-9BD3-71EE386DC056}.Release|iPhone.Build.0 = Release|Any CPU
		{3DC420FE-0546-46C2-9BD3-71EE386DC056}.Release|iPhone.Deploy.0 = Release|Any CPU
		{3DC420FE-0546-46C2-9BD3-71EE386DC056}.Release|iPhoneSimulator.ActiveCfg = Release|Any CPU
		{3DC420FE-0546-46C2-9BD3-71EE386DC056}.Release|iPhoneSimulator.Build.0 = Release|Any CPU
		{3DC420FE-0546-46C2-9BD3-71EE386DC056}.Release|iPhoneSimulator.Deploy.0 = Release|Any CPU
		{3DC420FE-0546-46C2-9BD3-71EE386DC056}.Release|x64.ActiveCfg = Release|Any CPU
		{3DC420FE-0546-46C2-9BD3-71EE386DC056}.Release|x64.Build.0 = Release|Any CPU
		{3DC420FE-0546-46C2-9BD3-71EE386DC056}.Release|x64.Deploy.0 = Release|Any CPU
		{3DC420FE-0546-46C2-9BD3-71EE386DC056}.Release|x86.ActiveCfg = Release|Any CPU
		{3DC420FE-0546-46C2-9BD3-71EE386DC056}.Release|x86.Build.0 = Release|Any CPU
		{3DC420FE-0546-46C2-9BD3-71EE386DC056}.Release|x86.Deploy.0 = Release|Any CPU
	EndGlobalSection
	GlobalSection(SolutionProperties) = preSolution
		HideSolutionNode = FALSE
	EndGlobalSection
	GlobalSection(ExtensibilityGlobals) = postSolution
		SolutionGuid = {8814D2F7-A32F-4B34-AC8A-EA7B965C5615}
	EndGlobalSection
EndGlobal
